{
  "version": 4,
  "terraform_version": "1.10.0",
  "serial": 5,
  "lineage": "46ad7d02-1ed1-16bf-515a-bbcbbe48b294",
  "outputs": {
    "bucket_self_link": {
      "value": "https://www.googleapis.com/storage/v1/b/bkt_ralph_tests_terraform",
      "type": "string"
    },
    "dataproc_cluster_name": {
      "value": "cltr-ralph-tests-cluster-dataproc-tf",
      "type": "string"
    }
  },
  "resources": [
    {
      "mode": "managed",
      "type": "google_storage_bucket",
      "name": "this",
      "provider": "provider[\"registry.terraform.io/hashicorp/google\"]",
      "instances": [
        {
          "schema_version": 2,
          "attributes": {
            "autoclass": [],
            "cors": [],
            "custom_placement_config": [],
            "default_event_based_hold": false,
            "effective_labels": {},
            "enable_object_retention": false,
            "encryption": [],
            "force_destroy": false,
            "id": "bkt_ralph_tests_terraform",
            "labels": {},
            "lifecycle_rule": [],
            "location": "EUROPE-WEST1",
            "logging": [],
            "name": "bkt_ralph_tests_terraform",
            "project": "prj-ralph-tests",
            "project_number": 916059447591,
            "public_access_prevention": "inherited",
            "requester_pays": false,
            "retention_policy": [],
            "rpo": null,
            "self_link": "https://www.googleapis.com/storage/v1/b/bkt_ralph_tests_terraform",
            "soft_delete_policy": [
              {
                "effective_time": "2025-06-12T11:19:21.858Z",
                "retention_duration_seconds": 604800
              }
            ],
            "storage_class": "STANDARD",
            "terraform_labels": {},
            "timeouts": null,
            "uniform_bucket_level_access": true,
            "url": "gs://bkt_ralph_tests_terraform",
            "versioning": [],
            "website": []
          },
          "sensitive_attributes": [],
          "private": "eyJlMmJmYjczMC1lY2FhLTExZTYtOGY4OC0zNDM2M2JjN2M0YzAiOnsiY3JlYXRlIjo2MDAwMDAwMDAwMDAsInJlYWQiOjI0MDAwMDAwMDAwMCwidXBkYXRlIjoyNDAwMDAwMDAwMDB9LCJzY2hlbWFfdmVyc2lvbiI6IjIifQ=="
        }
      ]
    }
  ],
  "check_results": null
}
